
Microsoft Visual Studio Solution File, Format Version 12.00
# Visual Studio Version 17
VisualStudioVersion = 17.0.31903.59
MinimumVisualStudioVersion = 10.0.40219.1
Project("{FAE04EC0-301F-11D3-BF4B-00C04F79EFBC}") = "Hirenix.Domain", "Hirenix.Domain\Hirenix.Domain.csproj", "{2050705A-9DA3-4542-8F45-470B68F25FE9}"
EndProject
Project("{FAE04EC0-301F-11D3-BF4B-00C04F79EFBC}") = "Hirenix.Application", "Hirenix.Application\Hirenix.Application.csproj", "{8FFA95DD-1CD8-4FAA-B223-1703CC3158F5}"
EndProject
Project("{FAE04EC0-301F-11D3-BF4B-00C04F79EFBC}") = "Hirenix.Infrastructure", "Hirenix.Infrastructure\Hirenix.Infrastructure.csproj", "{473F991B-5B67-494E-A52A-03BD9E4C2958}"
EndProject
Project("{FAE04EC0-301F-11D3-BF4B-00C04F79EFBC}") = "Hirenix.API", "Hirenix.API\Hirenix.API.csproj", "{F3FA2561-E153-4EDE-B30E-010C1034CBE0}"
EndProject
Global
	GlobalSection(SolutionConfigurationPlatforms) = preSolution
		Debug|Any CPU = Debug|Any CPU
		Debug|x64 = Debug|x64
		Debug|x86 = Debug|x86
		Release|Any CPU = Release|Any CPU
		Release|x64 = Release|x64
		Release|x86 = Release|x86
	EndGlobalSection
	GlobalSection(ProjectConfigurationPlatforms) = postSolution
		{2050705A-9DA3-4542-8F45-470B68F25FE9}.Debug|Any CPU.ActiveCfg = Debug|Any CPU
		{2050705A-9DA3-4542-8F45-470B68F25FE9}.Debug|Any CPU.Build.0 = Debug|Any CPU
		{2050705A-9DA3-4542-8F45-470B68F25FE9}.Debug|x64.ActiveCfg = Debug|Any CPU
		{2050705A-9DA3-4542-8F45-470B68F25FE9}.Debug|x64.Build.0 = Debug|Any CPU
		{2050705A-9DA3-4542-8F45-470B68F25FE9}.Debug|x86.ActiveCfg = Debug|Any CPU
		{2050705A-9DA3-4542-8F45-470B68F25FE9}.Debug|x86.Build.0 = Debug|Any CPU
		{2050705A-9DA3-4542-8F45-470B68F25FE9}.Release|Any CPU.ActiveCfg = Release|Any CPU
		{2050705A-9DA3-4542-8F45-470B68F25FE9}.Release|Any CPU.Build.0 = Release|Any CPU
		{2050705A-9DA3-4542-8F45-470B68F25FE9}.Release|x64.ActiveCfg = Release|Any CPU
		{2050705A-9DA3-4542-8F45-470B68F25FE9}.Release|x64.Build.0 = Release|Any CPU
		{2050705A-9DA3-4542-8F45-470B68F25FE9}.Release|x86.ActiveCfg = Release|Any CPU
		{2050705A-9DA3-4542-8F45-470B68F25FE9}.Release|x86.Build.0 = Release|Any CPU
		{8FFA95DD-1CD8-4FAA-B223-1703CC3158F5}.Debug|Any CPU.ActiveCfg = Debug|Any CPU
		{8FFA95DD-1CD8-4FAA-B223-1703CC3158F5}.Debug|Any CPU.Build.0 = Debug|Any CPU
		{8FFA95DD-1CD8-4FAA-B223-1703CC3158F5}.Debug|x64.ActiveCfg = Debug|Any CPU
		{8FFA95DD-1CD8-4FAA-B223-1703CC3158F5}.Debug|x64.Build.0 = Debug|Any CPU
		{8FFA95DD-1CD8-4FAA-B223-1703CC3158F5}.Debug|x86.ActiveCfg = Debug|Any CPU
		{8FFA95DD-1CD8-4FAA-B223-1703CC3158F5}.Debug|x86.Build.0 = Debug|Any CPU
		{8FFA95DD-1CD8-4FAA-B223-1703CC3158F5}.Release|Any CPU.ActiveCfg = Release|Any CPU
		{8FFA95DD-1CD8-4FAA-B223-1703CC3158F5}.Release|Any CPU.Build.0 = Release|Any CPU
		{8FFA95DD-1CD8-4FAA-B223-1703CC3158F5}.Release|x64.ActiveCfg = Release|Any CPU
		{8FFA95DD-1CD8-4FAA-B223-1703CC3158F5}.Release|x64.Build.0 = Release|Any CPU
		{8FFA95DD-1CD8-4FAA-B223-1703CC3158F5}.Release|x86.ActiveCfg = Release|Any CPU
		{8FFA95DD-1CD8-4FAA-B223-1703CC3158F5}.Release|x86.Build.0 = Release|Any CPU
		{473F991B-5B67-494E-A52A-03BD9E4C2958}.Debug|Any CPU.ActiveCfg = Debug|Any CPU
		{473F991B-5B67-494E-A52A-03BD9E4C2958}.Debug|Any CPU.Build.0 = Debug|Any CPU
		{473F991B-5B67-494E-A52A-03BD9E4C2958}.Debug|x64.ActiveCfg = Debug|Any CPU
		{473F991B-5B67-494E-A52A-03BD9E4C2958}.Debug|x64.Build.0 = Debug|Any CPU
		{473F991B-5B67-494E-A52A-03BD9E4C2958}.Debug|x86.ActiveCfg = Debug|Any CPU
		{473F991B-5B67-494E-A52A-03BD9E4C2958}.Debug|x86.Build.0 = Debug|Any CPU
		{473F991B-5B67-494E-A52A-03BD9E4C2958}.Release|Any CPU.ActiveCfg = Release|Any CPU
		{473F991B-5B67-494E-A52A-03BD9E4C2958}.Release|Any CPU.Build.0 = Release|Any CPU
		{473F991B-5B67-494E-A52A-03BD9E4C2958}.Release|x64.ActiveCfg = Release|Any CPU
		{473F991B-5B67-494E-A52A-03BD9E4C2958}.Release|x64.Build.0 = Release|Any CPU
		{473F991B-5B67-494E-A52A-03BD9E4C2958}.Release|x86.ActiveCfg = Release|Any CPU
		{473F991B-5B67-494E-A52A-03BD9E4C2958}.Release|x86.Build.0 = Release|Any CPU
		{F3FA2561-E153-4EDE-B30E-010C1034CBE0}.Debug|Any CPU.ActiveCfg = Debug|Any CPU
		{F3FA2561-E153-4EDE-B30E-010C1034CBE0}.Debug|Any CPU.Build.0 = Debug|Any CPU
		{F3FA2561-E153-4EDE-B30E-010C1034CBE0}.Debug|x64.ActiveCfg = Debug|Any CPU
		{F3FA2561-E153-4EDE-B30E-010C1034CBE0}.Debug|x64.Build.0 = Debug|Any CPU
		{F3FA2561-E153-4EDE-B30E-010C1034CBE0}.Debug|x86.ActiveCfg = Debug|Any CPU
		{F3FA2561-E153-4EDE-B30E-010C1034CBE0}.Debug|x86.Build.0 = Debug|Any CPU
		{F3FA2561-E153-4EDE-B30E-010C1034CBE0}.Release|Any CPU.ActiveCfg = Release|Any CPU
		{F3FA2561-E153-4EDE-B30E-010C1034CBE0}.Release|Any CPU.Build.0 = Release|Any CPU
		{F3FA2561-E153-4EDE-B30E-010C1034CBE0}.Release|x64.ActiveCfg = Release|Any CPU
		{F3FA2561-E153-4EDE-B30E-010C1034CBE0}.Release|x64.Build.0 = Release|Any CPU
		{F3FA2561-E153-4EDE-B30E-010C1034CBE0}.Release|x86.ActiveCfg = Release|Any CPU
		{F3FA2561-E153-4EDE-B30E-010C1034CBE0}.Release|x86.Build.0 = Release|Any CPU
	EndGlobalSection
	GlobalSection(SolutionProperties) = preSolution
		HideSolutionNode = FALSE
	EndGlobalSection
EndGlobal
